
Microsoft Visual Studio Solution File, Format Version 12.00
# Visual Studio Version 16
VisualStudioVersion = 16.0.33801.447
MinimumVisualStudioVersion = 10.0.40219.1
Project("{FAE04EC0-301F-11D3-BF4B-00C04F79EFBC}") = "LoginApplication", "LoginApplication.csproj", "{9FF2B4B8-92C6-4DCD-A97E-7772B465C943}"
EndProject
Global
	GlobalSection(SolutionConfigurationPlatforms) = preSolution
		Debug|Any CPU = Debug|Any CPU
		Release|Any CPU = Release|Any CPU
	EndGlobalSection
	GlobalSection(ProjectConfigurationPlatforms) = postSolution
		{9FF2B4B8-92C6-4DCD-A97E-7772B465C943}.Debug|Any CPU.ActiveCfg = Debug|Any CPU
		{9FF2B4B8-92C6-4DCD-A97E-7772B465C943}.Debug|Any CPU.Build.0 = Debug|Any CPU
		{9FF2B4B8-92C6-4DCD-A97E-7772B465C943}.Release|Any CPU.ActiveCfg = Release|Any CPU
		{9FF2B4B8-92C6-4DCD-A97E-7772B465C943}.Release|Any CPU.Build.0 = Release|Any CPU
	EndGlobalSection
	GlobalSection(SolutionProperties) = preSolution
		HideSolutionNode = FALSE
	EndGlobalSection
	GlobalSection(ExtensibilityGlobals) = postSolution
		SolutionGuid = {454DE4A5-E834-4B25-B735-12E869F34906}
	EndGlobalSection
EndGlobal
